// !$*UTF8*$!
{
	archiveVersion = 1;
	classes = {
	};
	objectVersion = 55;
	objects = {

/* Begin PBXBuildFile section */
		D8D1CCF62829AC260002BFE6 /* _0MinuteApp.swift in Sources */ = {isa = PBXBuildFile; fileRef = D8D1CCF52829AC260002BFE6 /* _0MinuteApp.swift */; };
		D8D1CCF82829AC260002BFE6 /* ContentView.swift in Sources */ = {isa = PBXBuildFile; fileRef = D8D1CCF72829AC260002BFE6 /* ContentView.swift */; };
		D8D1CCFA2829AC2E0002BFE6 /* Assets.xcassets in Resources */ = {isa = PBXBuildFile; fileRef = D8D1CCF92829AC2E0002BFE6 /* Assets.xcassets */; };
		D8D1CCFD2829AC2E0002BFE6 /* Preview Assets.xcassets in Resources */ = {isa = PBXBuildFile; fileRef = D8D1CCFC2829AC2E0002BFE6 /* Preview Assets.xcassets */; };
		D8D1CD072829AC2E0002BFE6 /* _0MinuteTests.swift in Sources */ = {isa = PBXBuildFile; fileRef = D8D1CD062829AC2E0002BFE6 /* _0MinuteTests.swift */; };
		D8D1CD112829AC2E0002BFE6 /* _0MinuteUITests.swift in Sources */ = {isa = PBXBuildFile; fileRef = D8D1CD102829AC2E0002BFE6 /* _0MinuteUITests.swift */; };
		D8D1CD132829AC2E0002BFE6 /* _0MinuteUITestsLaunchTests.swift in Sources */ = {isa = PBXBuildFile; fileRef = D8D1CD122829AC2E0002BFE6 /* _0MinuteUITestsLaunchTests.swift */; };
/* End PBXBuildFile section */

/* Begin PBXContainerItemProxy section */
		D8D1CD032829AC2E0002BFE6 /* PBXContainerItemProxy */ = {
			isa = PBXContainerItemProxy;
			containerPortal = D8D1CCEA2829AC250002BFE6 /* Project object */;
			proxyType = 1;
			remoteGlobalIDString = D8D1CCF12829AC260002BFE6;
			remoteInfo = 10Minute;
		};
		D8D1CD0D2829AC2E0002BFE6 /* PBXContainerItemProxy */ = {
			isa = PBXContainerItemProxy;
			containerPortal = D8D1CCEA2829AC250002BFE6 /* Project object */;
			proxyType = 1;
			remoteGlobalIDString = D8D1CCF12829AC260002BFE6;
			remoteInfo = 10Minute;
		};
/* End PBXContainerItemProxy section */

/* Begin PBXFileReference section */
		D8D1CCF22829AC260002BFE6 /* 10Minutes.app */ = {isa = PBXFileReference; explicitFileType = wrapper.application; includeInIndex = 0; path = 10Minutes.app; sourceTree = BUILT_PRODUCTS_DIR; };
		D8D1CCF52829AC260002BFE6 /* _0MinuteApp.swift */ = {isa = PBXFileReference; lastKnownFileType = sourcecode.swift; path = _0MinuteApp.swift; sourceTree = "<group>"; };
		D8D1CCF72829AC260002BFE6 /* ContentView.swift */ = {isa = PBXFileReference; lastKnownFileType = sourcecode.swift; path = ContentView.swift; sourceTree = "<group>"; };
		D8D1CCF92829AC2E0002BFE6 /* Assets.xcassets */ = {isa = PBXFileReference; lastKnownFileType = folder.assetcatalog; path = Assets.xcassets; sourceTree = "<group>"; };
		D8D1CCFC2829AC2E0002BFE6 /* Preview Assets.xcassets */ = {isa = PBXFileReference; lastKnownFileType = folder.assetcatalog; path = "Preview Assets.xcassets"; sourceTree = "<group>"; };
		D8D1CD022829AC2E0002BFE6 /* 10MinuteTests.xctest */ = {isa = PBXFileReference; explicitFileType = wrapper.cfbundle; includeInIndex = 0; path = 10MinuteTests.xctest; sourceTree = BUILT_PRODUCTS_DIR; };
		D8D1CD062829AC2E0002BFE6 /* _0MinuteTests.swift */ = {isa = PBXFileReference; lastKnownFileType = sourcecode.swift; path = _0MinuteTests.swift; sourceTree = "<group>"; };
		D8D1CD0C2829AC2E0002BFE6 /* 10MinuteUITests.xctest */ = {isa = PBXFileReference; explicitFileType = wrapper.cfbundle; includeInIndex = 0; path = 10MinuteUITests.xctest; sourceTree = BUILT_PRODUCTS_DIR; };
		D8D1CD102829AC2E0002BFE6 /* _0MinuteUITests.swift */ = {isa = PBXFileReference; lastKnownFileType = sourcecode.swift; path = _0MinuteUITests.swift; sourceTree = "<group>"; };
		D8D1CD122829AC2E0002BFE6 /* _0MinuteUITestsLaunchTests.swift */ = {isa = PBXFileReference; lastKnownFileType = sourcecode.swift; path = _0MinuteUITestsLaunchTests.swift; sourceTree = "<group>"; };
/* End PBXFileReference section */

/* Begin PBXFrameworksBuildPhase section */
		D8D1CCEF2829AC260002BFE6 /* Frameworks */ = {
			isa = PBXFrameworksBuildPhase;
			buildActionMask = 2147483647;
			files = (
			);
			runOnlyForDeploymentPostprocessing = 0;
		};
		D8D1CCFF2829AC2E0002BFE6 /* Frameworks */ = {
			isa = PBXFrameworksBuildPhase;
			buildActionMask = 2147483647;
			files = (
			);
			runOnlyForDeploymentPostprocessing = 0;
		};
		D8D1CD092829AC2E0002BFE6 /* Frameworks */ = {
			isa = PBXFrameworksBuildPhase;
			buildActionMask = 2147483647;
			files = (
			);
			runOnlyForDeploymentPostprocessing = 0;
		};
/* End PBXFrameworksBuildPhase section */

/* Begin PBXGroup section */
		D8D1CCE92829AC250002BFE6 = {
			isa = PBXGroup;
			children = (
				D8D1CCF42829AC260002BFE6 /* 10Minute */,
				D8D1CD052829AC2E0002BFE6 /* 10MinuteTests */,
				D8D1CD0F2829AC2E0002BFE6 /* 10MinuteUITests */,
				D8D1CCF32829AC260002BFE6 /* Products */,
			);
			sourceTree = "<group>";
		};
		D8D1CCF32829AC260002BFE6 /* Products */ = {
			isa = PBXGroup;
			children = (
				D8D1CCF22829AC260002BFE6 /* 10Minutes.app */,
				D8D1CD022829AC2E0002BFE6 /* 10MinuteTests.xctest */,
				D8D1CD0C2829AC2E0002BFE6 /* 10MinuteUITests.xctest */,
			);
			name = Products;
			sourceTree = "<group>";
		};
		D8D1CCF42829AC260002BFE6 /* 10Minute */ = {
			isa = PBXGroup;
			children = (
				D8D1CCF52829AC260002BFE6 /* _0MinuteApp.swift */,
				D8D1CCF72829AC260002BFE6 /* ContentView.swift */,
				D8D1CCF92829AC2E0002BFE6 /* Assets.xcassets */,
				D8D1CCFB2829AC2E0002BFE6 /* Preview Content */,
			);
			path = 10Minute;
			sourceTree = "<group>";
		};
		D8D1CCFB2829AC2E0002BFE6 /* Preview Content */ = {
			isa = PBXGroup;
			children = (
				D8D1CCFC2829AC2E0002BFE6 /* Preview Assets.xcassets */,
			);
			path = "Preview Content";
			sourceTree = "<group>";
		};
		D8D1CD052829AC2E0002BFE6 /* 10MinuteTests */ = {
			isa = PBXGroup;
			children = (
				D8D1CD062829AC2E0002BFE6 /* _0MinuteTests.swift */,
			);
			path = 10MinuteTests;
			sourceTree = "<group>";
		};
		D8D1CD0F2829AC2E0002BFE6 /* 10MinuteUITests */ = {
			isa = PBXGroup;
			children = (
				D8D1CD102829AC2E0002BFE6 /* _0MinuteUITests.swift */,
				D8D1CD122829AC2E0002BFE6 /* _0MinuteUITestsLaunchTests.swift */,
			);
			path = 10MinuteUITests;
			sourceTree = "<group>";
		};
/* End PBXGroup section */

/* Begin PBXNativeTarget section */
		D8D1CCF12829AC260002BFE6 /* 10Minute */ = {
			isa = PBXNativeTarget;
			buildConfigurationList = D8D1CD162829AC2E0002BFE6 /* Build configuration list for PBXNativeTarget "10Minute" */;
			buildPhases = (
				D8D1CCEE2829AC260002BFE6 /* Sources */,
				D8D1CCEF2829AC260002BFE6 /* Frameworks */,
				D8D1CCF02829AC260002BFE6 /* Resources */,
			);
			buildRules = (
			);
			dependencies = (
			);
			name = 10Minute;
			productName = 10Minute;
			productReference = D8D1CCF22829AC260002BFE6 /* 10Minutes.app */;
			productType = "com.apple.product-type.application";
		};
		D8D1CD012829AC2E0002BFE6 /* 10MinuteTests */ = {
			isa = PBXNativeTarget;
			buildConfigurationList = D8D1CD192829AC2E0002BFE6 /* Build configuration list for PBXNativeTarget "10MinuteTests" */;
			buildPhases = (
				D8D1CCFE2829AC2E0002BFE6 /* Sources */,
				D8D1CCFF2829AC2E0002BFE6 /* Frameworks */,
				D8D1CD002829AC2E0002BFE6 /* Resources */,
			);
			buildRules = (
			);
			dependencies = (
				D8D1CD042829AC2E0002BFE6 /* PBXTargetDependency */,
			);
			name = 10MinuteTests;
			productName = 10MinuteTests;
			productReference = D8D1CD022829AC2E0002BFE6 /* 10MinuteTests.xctest */;
			productType = "com.apple.product-type.bundle.unit-test";
		};
		D8D1CD0B2829AC2E0002BFE6 /* 10MinuteUITests */ = {
			isa = PBXNativeTarget;
			buildConfigurationList = D8D1CD1C2829AC2E0002BFE6 /* Build configuration list for PBXNativeTarget "10MinuteUITests" */;
			buildPhases = (
				D8D1CD082829AC2E0002BFE6 /* Sources */,
				D8D1CD092829AC2E0002BFE6 /* Frameworks */,
				D8D1CD0A2829AC2E0002BFE6 /* Resources */,
			);
			buildRules = (
			);
			dependencies = (
				D8D1CD0E2829AC2E0002BFE6 /* PBXTargetDependency */,
			);
			name = 10MinuteUITests;
			productName = 10MinuteUITests;
			productReference = D8D1CD0C2829AC2E0002BFE6 /* 10MinuteUITests.xctest */;
			productType = "com.apple.product-type.bundle.ui-testing";
		};
/* End PBXNativeTarget section */

/* Begin PBXProject section */
		D8D1CCEA2829AC250002BFE6 /* Project object */ = {
			isa = PBXProject;
			attributes = {
				BuildIndependentTargetsInParallel = 1;
				LastSwiftUpdateCheck = 1330;
				LastUpgradeCheck = 1330;
				TargetAttributes = {
					D8D1CCF12829AC260002BFE6 = {
						CreatedOnToolsVersion = 13.3.1;
					};
					D8D1CD012829AC2E0002BFE6 = {
						CreatedOnToolsVersion = 13.3.1;
						TestTargetID = D8D1CCF12829AC260002BFE6;
					};
					D8D1CD0B2829AC2E0002BFE6 = {
						CreatedOnToolsVersion = 13.3.1;
						TestTargetID = D8D1CCF12829AC260002BFE6;
					};
				};
			};
			buildConfigurationList = D8D1CCED2829AC250002BFE6 /* Build configuration list for PBXProject "10Minute" */;
			compatibilityVersion = "Xcode 13.0";
			developmentRegion = en;
			hasScannedForEncodings = 0;
			knownRegions = (
				en,
				Base,
			);
			mainGroup = D8D1CCE92829AC250002BFE6;
			productRefGroup = D8D1CCF32829AC260002BFE6 /* Products */;
			projectDirPath = "";
			projectRoot = "";
			targets = (
				D8D1CCF12829AC260002BFE6 /* 10Minute */,
				D8D1CD012829AC2E0002BFE6 /* 10MinuteTests */,
				D8D1CD0B2829AC2E0002BFE6 /* 10MinuteUITests */,
			);
		};
/* End PBXProject section */

/* Begin PBXResourcesBuildPhase section */
		D8D1CCF02829AC260002BFE6 /* Resources */ = {
			isa = PBXResourcesBuildPhase;
			buildActionMask = 2147483647;
			files = (
				D8D1CCFD2829AC2E0002BFE6 /* Preview Assets.xcassets in Resources */,
				D8D1CCFA2829AC2E0002BFE6 /* Assets.xcassets in Resources */,
			);
			runOnlyForDeploymentPostprocessing = 0;
		};
		D8D1CD002829AC2E0002BFE6 /* Resources */ = {
			isa = PBXResourcesBuildPhase;
			buildActionMask = 2147483647;
			files = (
			);
			runOnlyForDeploymentPostprocessing = 0;
		};
		D8D1CD0A2829AC2E0002BFE6 /* Resources */ = {
			isa = PBXResourcesBuildPhase;
			buildActionMask = 2147483647;
			files = (
			);
			runOnlyForDeploymentPostprocessing = 0;
		};
/* End PBXResourcesBuildPhase section */

/* Begin PBXSourcesBuildPhase section */
		D8D1CCEE2829AC260002BFE6 /* Sources */ = {
			isa = PBXSourcesBuildPhase;
			buildActionMask = 2147483647;
			files = (
				D8D1CCF82829AC260002BFE6 /* ContentView.swift in Sources */,
				D8D1CCF62829AC260002BFE6 /* _0MinuteApp.swift in Sources */,
			);
			runOnlyForDeploymentPostprocessing = 0;
		};
		D8D1CCFE2829AC2E0002BFE6 /* Sources */ = {
			isa = PBXSourcesBuildPhase;
			buildActionMask = 2147483647;
			files = (
				D8D1CD072829AC2E0002BFE6 /* _0MinuteTests.swift in Sources */,
			);
			runOnlyForDeploymentPostprocessing = 0;
		};
		D8D1CD082829AC2E0002BFE6 /* Sources */ = {
			isa = PBXSourcesBuildPhase;
			buildActionMask = 2147483647;
			files = (
				D8D1CD132829AC2E0002BFE6 /* _0MinuteUITestsLaunchTests.swift in Sources */,
				D8D1CD112829AC2E0002BFE6 /* _0MinuteUITests.swift in Sources */,
			);
			runOnlyForDeploymentPostprocessing = 0;
		};
/* End PBXSourcesBuildPhase section */

/* Begin PBXTargetDependency section */
		D8D1CD042829AC2E0002BFE6 /* PBXTargetDependency */ = {
			isa = PBXTargetDependency;
			target = D8D1CCF12829AC260002BFE6 /* 10Minute */;
			targetProxy = D8D1CD032829AC2E0002BFE6 /* PBXContainerItemProxy */;
		};
		D8D1CD0E2829AC2E0002BFE6 /* PBXTargetDependency */ = {
			isa = PBXTargetDependency;
			target = D8D1CCF12829AC260002BFE6 /* 10Minute */;
			targetProxy = D8D1CD0D2829AC2E0002BFE6 /* PBXContainerItemProxy */;
		};
/* End PBXTargetDependency section */

/* Begin XCBuildConfiguration section */
		D8D1CD142829AC2E0002BFE6 /* Debug */ = {
			isa = XCBuildConfiguration;
			buildSettings = {
				ALWAYS_SEARCH_USER_PATHS = NO;
				CLANG_ANALYZER_NONNULL = YES;
				CLANG_ANALYZER_NUMBER_OBJECT_CONVERSION = YES_AGGRESSIVE;
				CLANG_CXX_LANGUAGE_STANDARD = "gnu++17";
				CLANG_ENABLE_MODULES = YES;
				CLANG_ENABLE_OBJC_ARC = YES;
				CLANG_ENABLE_OBJC_WEAK = YES;
				CLANG_WARN_BLOCK_CAPTURE_AUTORELEASING = YES;
				CLANG_WARN_BOOL_CONVERSION = YES;
				CLANG_WARN_COMMA = YES;
				CLANG_WARN_CONSTANT_CONVERSION = YES;
				CLANG_WARN_DEPRECATED_OBJC_IMPLEMENTATIONS = YES;
				CLANG_WARN_DIRECT_OBJC_ISA_USAGE = YES_ERROR;
				CLANG_WARN_DOCUMENTATION_COMMENTS = YES;
				CLANG_WARN_EMPTY_BODY = YES;
				CLANG_WARN_ENUM_CONVERSION = YES;
				CLANG_WARN_INFINITE_RECURSION = YES;
				CLANG_WARN_INT_CONVERSION = YES;
				CLANG_WARN_NON_LITERAL_NULL_CONVERSION = YES;
				CLANG_WARN_OBJC_IMPLICIT_RETAIN_SELF = YES;
				CLANG_WARN_OBJC_LITERAL_CONVERSION = YES;
				CLANG_WARN_OBJC_ROOT_CLASS = YES_ERROR;
				CLANG_WARN_QUOTED_INCLUDE_IN_FRAMEWORK_HEADER = YES;
				CLANG_WARN_RANGE_LOOP_ANALYSIS = YES;
				CLANG_WARN_STRICT_PROTOTYPES = YES;
				CLANG_WARN_SUSPICIOUS_MOVE = YES;
				CLANG_WARN_UNGUARDED_AVAILABILITY = YES_AGGRESSIVE;
				CLANG_WARN_UNREACHABLE_CODE = YES;
				CLANG_WARN__DUPLICATE_METHOD_MATCH = YES;
				COPY_PHASE_STRIP = NO;
				DEBUG_INFORMATION_FORMAT = dwarf;
				ENABLE_STRICT_OBJC_MSGSEND = YES;
				ENABLE_TESTABILITY = YES;
				GCC_C_LANGUAGE_STANDARD = gnu11;
				GCC_DYNAMIC_NO_PIC = NO;
				GCC_NO_COMMON_BLOCKS = YES;
				GCC_OPTIMIZATION_LEVEL = 0;
				GCC_PREPROCESSOR_DEFINITIONS = (
					"DEBUG=1",
					"$(inherited)",
				);
				GCC_WARN_64_TO_32_BIT_CONVERSION = YES;
				GCC_WARN_ABOUT_RETURN_TYPE = YES_ERROR;
				GCC_WARN_UNDECLARED_SELECTOR = YES;
				GCC_WARN_UNINITIALIZED_AUTOS = YES_AGGRESSIVE;
				GCC_WARN_UNUSED_FUNCTION = YES;
				GCC_WARN_UNUSED_VARIABLE = YES;
				IPHONEOS_DEPLOYMENT_TARGET = 15.4;
				MTL_ENABLE_DEBUG_INFO = INCLUDE_SOURCE;
				MTL_FAST_MATH = YES;
				ONLY_ACTIVE_ARCH = YES;
				SDKROOT = iphoneos;
				SWIFT_ACTIVE_COMPILATION_CONDITIONS = DEBUG;
				SWIFT_OPTIMIZATION_LEVEL = "-Onone";
			};
			name = Debug;
		};
		D8D1CD152829AC2E0002BFE6 /* Release */ = {
			isa = XCBuildConfiguration;
			buildSettings = {
				ALWAYS_SEARCH_USER_PATHS = NO;
				CLANG_ANALYZER_NONNULL = YES;
				CLANG_ANALYZER_NUMBER_OBJECT_CONVERSION = YES_AGGRESSIVE;
				CLANG_CXX_LANGUAGE_STANDARD = "gnu++17";
				CLANG_ENABLE_MODULES = YES;
				CLANG_ENABLE_OBJC_ARC = YES;
				CLANG_ENABLE_OBJC_WEAK = YES;
				CLANG_WARN_BLOCK_CAPTURE_AUTORELEASING = YES;
				CLANG_WARN_BOOL_CONVERSION = YES;
				CLANG_WARN_COMMA = YES;
				CLANG_WARN_CONSTANT_CONVERSION = YES;
				CLANG_WARN_DEPRECATED_OBJC_IMPLEMENTATIONS = YES;
				CLANG_WARN_DIRECT_OBJC_ISA_USAGE = YES_ERROR;
				CLANG_WARN_DOCUMENTATION_COMMENTS = YES;
				CLANG_WARN_EMPTY_BODY = YES;
				CLANG_WARN_ENUM_CONVERSION = YES;
				CLANG_WARN_INFINITE_RECURSION = YES;
				CLANG_WARN_INT_CONVERSION = YES;
				CLANG_WARN_NON_LITERAL_NULL_CONVERSION = YES;
				CLANG_WARN_OBJC_IMPLICIT_RETAIN_SELF = YES;
				CLANG_WARN_OBJC_LITERAL_CONVERSION = YES;
				CLANG_WARN_OBJC_ROOT_CLASS = YES_ERROR;
				CLANG_WARN_QUOTED_INCLUDE_IN_FRAMEWORK_HEADER = YES;
				CLANG_WARN_RANGE_LOOP_ANALYSIS = YES;
				CLANG_WARN_STRICT_PROTOTYPES = YES;
				CLANG_WARN_SUSPICIOUS_MOVE = YES;
				CLANG_WARN_UNGUARDED_AVAILABILITY = YES_AGGRESSIVE;
				CLANG_WARN_UNREACHABLE_CODE = YES;
				CLANG_WARN__DUPLICATE_METHOD_MATCH = YES;
				COPY_PHASE_STRIP = NO;
				DEBUG_INFORMATION_FORMAT = "dwarf-with-dsym";
				ENABLE_NS_ASSERTIONS = NO;
				ENABLE_STRICT_OBJC_MSGSEND = YES;
				GCC_C_LANGUAGE_STANDARD = gnu11;
				GCC_NO_COMMON_BLOCKS = YES;
				GCC_WARN_64_TO_32_BIT_CONVERSION = YES;
				GCC_WARN_ABOUT_RETURN_TYPE = YES_ERROR;
				GCC_WARN_UNDECLARED_SELECTOR = YES;
				GCC_WARN_UNINITIALIZED_AUTOS = YES_AGGRESSIVE;
				GCC_WARN_UNUSED_FUNCTION = YES;
				GCC_WARN_UNUSED_VARIABLE = YES;
				IPHONEOS_DEPLOYMENT_TARGET = 15.4;
				MTL_ENABLE_DEBUG_INFO = NO;
				MTL_FAST_MATH = YES;
				SDKROOT = iphoneos;
				SWIFT_COMPILATION_MODE = wholemodule;
				SWIFT_OPTIMIZATION_LEVEL = "-O";
				VALIDATE_PRODUCT = YES;
			};
			name = Release;
		};
		D8D1CD172829AC2E0002BFE6 /* Debug */ = {
			isa = XCBuildConfiguration;
			buildSettings = {
				ASSETCATALOG_COMPILER_APPICON_NAME = AppIcon;
				ASSETCATALOG_COMPILER_GLOBAL_ACCENT_COLOR_NAME = AccentColor;
				CODE_SIGN_STYLE = Automatic;
				CURRENT_PROJECT_VERSION = 1;
				DEVELOPMENT_ASSET_PATHS = "\"10Minute/Preview Content\"";
				DEVELOPMENT_TEAM = VXZF75P923;
				ENABLE_PREVIEWS = YES;
				GENERATE_INFOPLIST_FILE = YES;
				INFOPLIST_KEY_UIApplicationSceneManifest_Generation = YES;
				INFOPLIST_KEY_UIApplicationSupportsIndirectInputEvents = YES;
				INFOPLIST_KEY_UILaunchScreen_Generation = YES;
				INFOPLIST_KEY_UISupportedInterfaceOrientations_iPad = "UIInterfaceOrientationPortrait UIInterfaceOrientationPortraitUpsideDown UIInterfaceOrientationLandscapeLeft UIInterfaceOrientationLandscapeRight";
				INFOPLIST_KEY_UISupportedInterfaceOrientations_iPhone = "UIInterfaceOrientationPortrait UIInterfaceOrientationLandscapeLeft UIInterfaceOrientationLandscapeRight";
				LD_RUNPATH_SEARCH_PATHS = (
					"$(inherited)",
					"@executable_path/Frameworks",
				);
				MARKETING_VERSION = 1.0;
				PRODUCT_BUNDLE_IDENTIFIER = "com.steadfast.-10Minutes";
				PRODUCT_NAME = 10Minutes;
				SWIFT_EMIT_LOC_STRINGS = YES;
				SWIFT_VERSION = 5.0;
				TARGETED_DEVICE_FAMILY = "1,2";
			};
			name = Debug;
		};
		D8D1CD182829AC2E0002BFE6 /* Release */ = {
			isa = XCBuildConfiguration;
			buildSettings = {
				ASSETCATALOG_COMPILER_APPICON_NAME = AppIcon;
				ASSETCATALOG_COMPILER_GLOBAL_ACCENT_COLOR_NAME = AccentColor;
				CODE_SIGN_STYLE = Automatic;
				CURRENT_PROJECT_VERSION = 1;
				DEVELOPMENT_ASSET_PATHS = "\"10Minute/Preview Content\"";
				DEVELOPMENT_TEAM = VXZF75P923;
				ENABLE_PREVIEWS = YES;
				GENERATE_INFOPLIST_FILE = YES;
				INFOPLIST_KEY_UIApplicationSceneManifest_Generation = YES;
				INFOPLIST_KEY_UIApplicationSupportsIndirectInputEvents = YES;
				INFOPLIST_KEY_UILaunchScreen_Generation = YES;
				INFOPLIST_KEY_UISupportedInterfaceOrientations_iPad = "UIInterfaceOrientationPortrait UIInterfaceOrientationPortraitUpsideDown UIInterfaceOrientationLandscapeLeft UIInterfaceOrientationLandscapeRight";
				INFOPLIST_KEY_UISupportedInterfaceOrientations_iPhone = "UIInterfaceOrientationPortrait UIInterfaceOrientationLandscapeLeft UIInterfaceOrientationLandscapeRight";
				LD_RUNPATH_SEARCH_PATHS = (
					"$(inherited)",
					"@executable_path/Frameworks",
				);
				MARKETING_VERSION = 1.0;
				PRODUCT_BUNDLE_IDENTIFIER = "com.steadfast.-10Minutes";
				PRODUCT_NAME = 10Minutes;
				SWIFT_EMIT_LOC_STRINGS = YES;
				SWIFT_VERSION = 5.0;
				TARGETED_DEVICE_FAMILY = "1,2";
			};
			name = Release;
		};
		D8D1CD1A2829AC2E0002BFE6 /* Debug */ = {
			isa = XCBuildConfiguration;
			buildSettings = {
				ALWAYS_EMBED_SWIFT_STANDARD_LIBRARIES = YES;
				BUNDLE_LOADER = "$(TEST_HOST)";
				CODE_SIGN_STYLE = Automatic;
				CURRENT_PROJECT_VERSION = 1;
				DEVELOPMENT_TEAM = VXZF75P923;
				GENERATE_INFOPLIST_FILE = YES;
				IPHONEOS_DEPLOYMENT_TARGET = 15.4;
				MARKETING_VERSION = 1.0;
				PRODUCT_BUNDLE_IDENTIFIER = "com.steadfast.-0MinuteTests";
				PRODUCT_NAME = "$(TARGET_NAME)";
				SWIFT_EMIT_LOC_STRINGS = NO;
				SWIFT_VERSION = 5.0;
				TARGETED_DEVICE_FAMILY = "1,2";
				TEST_HOST = "$(BUILT_PRODUCTS_DIR)/10Minute.app/10Minute";
			};
			name = Debug;
		};
		D8D1CD1B2829AC2E0002BFE6 /* Release */ = {
			isa = XCBuildConfiguration;
			buildSettings = {
				ALWAYS_EMBED_SWIFT_STANDARD_LIBRARIES = YES;
				BUNDLE_LOADER = "$(TEST_HOST)";
				CODE_SIGN_STYLE = Automatic;
				CURRENT_PROJECT_VERSION = 1;
				DEVELOPMENT_TEAM = VXZF75P923;
				GENERATE_INFOPLIST_FILE = YES;
				IPHONEOS_DEPLOYMENT_TARGET = 15.4;
				MARKETING_VERSION = 1.0;
				PRODUCT_BUNDLE_IDENTIFIER = "com.steadfast.-0MinuteTests";
				PRODUCT_NAME = "$(TARGET_NAME)";
				SWIFT_EMIT_LOC_STRINGS = NO;
				SWIFT_VERSION = 5.0;
				TARGETED_DEVICE_FAMILY = "1,2";
				TEST_HOST = "$(BUILT_PRODUCTS_DIR)/10Minute.app/10Minute";
			};
			name = Release;
		};
		D8D1CD1D2829AC2E0002BFE6 /* Debug */ = {
			isa = XCBuildConfiguration;
			buildSettings = {
				ALWAYS_EMBED_SWIFT_STANDARD_LIBRARIES = YES;
				CODE_SIGN_STYLE = Automatic;
				CURRENT_PROJECT_VERSION = 1;
				DEVELOPMENT_TEAM = VXZF75P923;
				GENERATE_INFOPLIST_FILE = YES;
				MARKETING_VERSION = 1.0;
				PRODUCT_BUNDLE_IDENTIFIER = "com.steadfast.-0MinuteUITests";
				PRODUCT_NAME = "$(TARGET_NAME)";
				SWIFT_EMIT_LOC_STRINGS = NO;
				SWIFT_VERSION = 5.0;
				TARGETED_DEVICE_FAMILY = "1,2";
				TEST_TARGET_NAME = 10Minute;
			};
			name = Debug;
		};
		D8D1CD1E2829AC2E0002BFE6 /* Release */ = {
			isa = XCBuildConfiguration;
			buildSettings = {
				ALWAYS_EMBED_SWIFT_STANDARD_LIBRARIES = YES;
				CODE_SIGN_STYLE = Automatic;
				CURRENT_PROJECT_VERSION = 1;
				DEVELOPMENT_TEAM = VXZF75P923;
				GENERATE_INFOPLIST_FILE = YES;
				MARKETING_VERSION = 1.0;
				PRODUCT_BUNDLE_IDENTIFIER = "com.steadfast.-0MinuteUITests";
				PRODUCT_NAME = "$(TARGET_NAME)";
				SWIFT_EMIT_LOC_STRINGS = NO;
				SWIFT_VERSION = 5.0;
				TARGETED_DEVICE_FAMILY = "1,2";
				TEST_TARGET_NAME = 10Minute;
			};
			name = Release;
		};
/* End XCBuildConfiguration section */

/* Begin XCConfigurationList section */
		D8D1CCED2829AC250002BFE6 /* Build configuration list for PBXProject "10Minute" */ = {
			isa = XCConfigurationList;
			buildConfigurations = (
				D8D1CD142829AC2E0002BFE6 /* Debug */,
				D8D1CD152829AC2E0002BFE6 /* Release */,
			);
			defaultConfigurationIsVisible = 0;
			defaultConfigurationName = Release;
		};
		D8D1CD162829AC2E0002BFE6 /* Build configuration list for PBXNativeTarget "10Minute" */ = {
			isa = XCConfigurationList;
			buildConfigurations = (
				D8D1CD172829AC2E0002BFE6 /* Debug */,
				D8D1CD182829AC2E0002BFE6 /* Release */,
			);
			defaultConfigurationIsVisible = 0;
			defaultConfigurationName = Release;
		};
		D8D1CD192829AC2E0002BFE6 /* Build configuration list for PBXNativeTarget "10MinuteTests" */ = {
			isa = XCConfigurationList;
			buildConfigurations = (
				D8D1CD1A2829AC2E0002BFE6 /* Debug */,
				D8D1CD1B2829AC2E0002BFE6 /* Release */,
			);
			defaultConfigurationIsVisible = 0;
			defaultConfigurationName = Release;
		};
		D8D1CD1C2829AC2E0002BFE6 /* Build configuration list for PBXNativeTarget "10MinuteUITests" */ = {
			isa = XCConfigurationList;
			buildConfigurations = (
				D8D1CD1D2829AC2E0002BFE6 /* Debug */,
				D8D1CD1E2829AC2E0002BFE6 /* Release */,
			);
			defaultConfigurationIsVisible = 0;
			defaultConfigurationName = Release;
		};
/* End XCConfigurationList section */
	};
	rootObject = D8D1CCEA2829AC250002BFE6 /* Project object */;
}
